
Microsoft Visual Studio Solution File, Format Version 12.00
# Visual Studio 15
Project("{FAE04EC0-301F-11D3-BF4B-00C04F79EFBC}") = "ChessGame", "ChessGame\ChessGame.csproj", "{C6FA1A37-9FCB-449E-9C20-34EB7922DB3B}"
EndProject
Project("{FAE04EC0-301F-11D3-BF4B-00C04F79EFBC}") = "Engines", "Engines\Engines.csproj", "{2C1CA524-200C-4DA6-AAD2-E19038F9CD0A}"
EndProject
Global
	GlobalSection(SolutionConfigurationPlatforms) = preSolution
		Debug|Any CPU = Debug|Any CPU
		Release|Any CPU = Release|Any CPU
	EndGlobalSection
	GlobalSection(ProjectConfigurationPlatforms) = postSolution
		{C6FA1A37-9FCB-449E-9C20-34EB7922DB3B}.Debug|Any CPU.ActiveCfg = Debug|Any CPU
		{C6FA1A37-9FCB-449E-9C20-34EB7922DB3B}.Debug|Any CPU.Build.0 = Debug|Any CPU
		{C6FA1A37-9FCB-449E-9C20-34EB7922DB3B}.Release|Any CPU.ActiveCfg = Release|Any CPU
		{C6FA1A37-9FCB-449E-9C20-34EB7922DB3B}.Release|Any CPU.Build.0 = Release|Any CPU
		{2C1CA524-200C-4DA6-AAD2-E19038F9CD0A}.Debug|Any CPU.ActiveCfg = Debug|Any CPU
		{2C1CA524-200C-4DA6-AAD2-E19038F9CD0A}.Debug|Any CPU.Build.0 = Debug|Any CPU
		{2C1CA524-200C-4DA6-AAD2-E19038F9CD0A}.Release|Any CPU.ActiveCfg = Release|Any CPU
		{2C1CA524-200C-4DA6-AAD2-E19038F9CD0A}.Release|Any CPU.Build.0 = Release|Any CPU
	EndGlobalSection
EndGlobal
